{
  "name": "strangertalks_new",
  "lockfileVersion": 3,
  "requires": true,
  "packages": {
    "": {
      "dependencies": {
        "emoji-picker-element": "^1.29.1",
        "emoji-picker-element-data": "^1.8.0"
      },
      "devDependencies": {
        "playwright": "^1.62.1"
      }
    },
    "node_modules/emoji-picker-element": {
      "version": "1.29.1",
      "resolved": "https://registry.npmjs.org/emoji-picker-element/-/emoji-picker-element-1.29.1.tgz",
      "integrity": "sha512-TOiHzu9Dqib3x4MwcAi3wi3RdyT4SoeB4b15AvH1ks4SBwTl7DeebhZ0d3x6dNi4XfNU7IGRZ7NBQllj0RqwrQ==",
      "license": "Apache-2.0"
    },
    "node_modules/emoji-picker-element-data": {
      "version": "1.8.0",
      "resolved": "https://registry.npmjs.org/emoji-picker-element-data/-/emoji-picker-element-data-1.8.0.tgz",
      "integrity": "sha512-VfRuRJNEDLS1JKlNS4olaqhjX5S1nnZ+ZHG73b/dV8QeZyi0yPruTPEE72EmF6XO3k/9hj3lybMIYMOYXb/57A==",
      "license": "Apache-2.0"
    },
    "node_modules/fsevents": {
      "version": "2.3.2",
      "resolved": "https://registry.npmjs.org/fsevents/-/fsevents-2.3.2.tgz",
      "integrity": "sha512-xiqMQR4xAeHTuB9uWm+fFRcIOgKBMiOBP+eXiyT7jsgVCq1bkVygt00oASowB7EdtpOHaaPgKt812P9ab+DDKA==",
      "dev": true,
      "hasInstallScript": true,
      "license": "MIT",
      "optional": true,
      "os": [
        "darwin"
      ],
      "engines": {
        "node": "^8.16.0 || ^10.6.0 || >=11.0.0"
      }
    },
    "node_modules/playwright": {
      "version": "1.62.1",
      "resolved": "https://registry.npmjs.org/playwright/-/playwright-1.62.1.tgz",
      "integrity": "sha512-0M+L3LAD8/nm554LOla9Ayx0j0tmFZ0FBcoQ7F1VuVHpM/XpiC8RcDzBQB8W5+hA8L22THxELzeF+2WcUzvcLg==",
      "dev": true,
      "license": "Apache-2.0",
      "dependencies": {
        "playwright-core": "1.62.1"
      },
      "bin": {
        "playwright": "cli.js"
      },
      "engines": {
        "node": ">=20"
      },
      "optionalDependencies": {
        "fsevents": "2.3.2"
      }
    },
    "node_modules/playwright-core": {
      "version": "1.62.1",
      "resolved": "https://registry.npmjs.org/playwright-core/-/playwright-core-1.62.1.tgz",
      "integrity": "sha512-wPYSwEBJY9GHraISXqyqtx0na0LpO3XEX7jNDhntbex7tzUS7kLnZsOlFruFJB4Hi/rhDMjXGqHewDZ68nYZVw==",
      "dev": true,
      "license": "Apache-2.0",
      "bin": {
        "playwright-core": "cli.js"
      },
      "engines": {
        "node": ">=20"
      }
    }
  }
}
